
Microsoft Visual Studio Solution File, Format Version 12.00
# Visual Studio 15
VisualStudioVersion = 15.0.28307.168
MinimumVisualStudioVersion = 10.0.40219.1
Project("{9A19103F-16F7-4668-BE54-9A1E7A4F7556}") = "POC.DbSwitcher.Console", "Console\POC.DbSwitcher.Console.csproj", "{F30C6042-7843-418B-9635-85066A35308A}"
EndProject
Project("{FAE04EC0-301F-11D3-BF4B-00C04F79EFBC}") = "POC.DbSwitcher.Database1", "POC.DbSwitcher.Database1\POC.DbSwitcher.Database1.csproj", "{8213AC26-6B26-427B-95CD-0F53BBB2D536}"
EndProject
Project("{FAE04EC0-301F-11D3-BF4B-00C04F79EFBC}") = "POC.DbSwitcher.Database2", "POC.DbSwitcher.Database2\POC.DbSwitcher.Database2.csproj", "{ED52F6C8-4F15-4DB6-9640-32A6282CD5D8}"
EndProject
Global
	GlobalSection(SolutionConfigurationPlatforms) = preSolution
		Debug|Any CPU = Debug|Any CPU
		Release|Any CPU = Release|Any CPU
	EndGlobalSection
	GlobalSection(ProjectConfigurationPlatforms) = postSolution
		{F30C6042-7843-418B-9635-85066A35308A}.Debug|Any CPU.ActiveCfg = Debug|Any CPU
		{F30C6042-7843-418B-9635-85066A35308A}.Debug|Any CPU.Build.0 = Debug|Any CPU
		{F30C6042-7843-418B-9635-85066A35308A}.Release|Any CPU.ActiveCfg = Release|Any CPU
		{F30C6042-7843-418B-9635-85066A35308A}.Release|Any CPU.Build.0 = Release|Any CPU
		{8213AC26-6B26-427B-95CD-0F53BBB2D536}.Debug|Any CPU.ActiveCfg = Debug|Any CPU
		{8213AC26-6B26-427B-95CD-0F53BBB2D536}.Debug|Any CPU.Build.0 = Debug|Any CPU
		{8213AC26-6B26-427B-95CD-0F53BBB2D536}.Release|Any CPU.ActiveCfg = Release|Any CPU
		{8213AC26-6B26-427B-95CD-0F53BBB2D536}.Release|Any CPU.Build.0 = Release|Any CPU
		{ED52F6C8-4F15-4DB6-9640-32A6282CD5D8}.Debug|Any CPU.ActiveCfg = Debug|Any CPU
		{ED52F6C8-4F15-4DB6-9640-32A6282CD5D8}.Debug|Any CPU.Build.0 = Debug|Any CPU
		{ED52F6C8-4F15-4DB6-9640-32A6282CD5D8}.Release|Any CPU.ActiveCfg = Release|Any CPU
		{ED52F6C8-4F15-4DB6-9640-32A6282CD5D8}.Release|Any CPU.Build.0 = Release|Any CPU
	EndGlobalSection
	GlobalSection(SolutionProperties) = preSolution
		HideSolutionNode = FALSE
	EndGlobalSection
	GlobalSection(ExtensibilityGlobals) = postSolution
		SolutionGuid = {0C191468-E081-4CD7-9087-154447661424}
	EndGlobalSection
EndGlobal
